lockfileVersion: 5.4

specifiers:
  react-spinners: ^0.13.6
  swiper: ^8.4.4

dependencies:
  react-spinners: 0.13.6
  swiper: 8.4.4

packages:

  /dom7/4.0.4:
    resolution: {integrity: sha512-DSSgBzQ4rJWQp1u6o+3FVwMNnT5bzQbMb+o31TjYYeRi05uAcpF8koxdfzeoe5ElzPmua7W7N28YJhF7iEKqIw==}
    dependencies:
      ssr-window: 4.0.2
    dev: false

  /react-spinners/0.13.6:
    resolution: {integrity: sha512-+VoSs1wN6oMhJy7PzCPiHUt6zUi9fvnGQizem8q/NzXhGovbdXFDWNhspk6KEKXQEafInUtpvtDlp/zJ5sES/A==}
    peerDependencies:
      react: ^16.0.0 || ^17.0.0 || ^18.0.0
      react-dom: ^16.0.0 || ^17.0.0 || ^18.0.0
    dev: false

  /ssr-window/4.0.2:
    resolution: {integrity: sha512-ISv/Ch+ig7SOtw7G2+qkwfVASzazUnvlDTwypdLoPoySv+6MqlOV10VwPSE6EWkGjhW50lUmghPmpYZXMu/+AQ==}
    dev: false

  /swiper/8.4.4:
    resolution: {integrity: sha512-jA/8BfOZwT8PqPSnMX0TENZYitXEhNa7ZSNj1Diqh5LZyUJoBQaZcqAiPQ/PIg1+IPaRn/V8ZYVb0nxHMh51yw==}
    engines: {node: '>= 4.7.0'}
    requiresBuild: true
    dependencies:
      dom7: 4.0.4
      ssr-window: 4.0.2
    dev: false
